// !$*UTF8*$!
{
	archiveVersion = 1;
	classes = {
	};
	objectVersion = 56;
	objects = {

/* Begin PBXBuildFile section */
		8753C0F729C1B70500546EA3 /* SwiftBudgeApp.swift in Sources */ = {isa = PBXBuildFile; fileRef = 8753C0F629C1B70500546EA3 /* SwiftBudgeApp.swift */; };
		8753C0F929C1B70500546EA3 /* ContentView.swift in Sources */ = {isa = PBXBuildFile; fileRef = 8753C0F829C1B70500546EA3 /* ContentView.swift */; };
		8753C0FB29C1B70600546EA3 /* Assets.xcassets in Resources */ = {isa = PBXBuildFile; fileRef = 8753C0FA29C1B70600546EA3 /* Assets.xcassets */; };
		8753C0FE29C1B70600546EA3 /* Preview Assets.xcassets in Resources */ = {isa = PBXBuildFile; fileRef = 8753C0FD29C1B70600546EA3 /* Preview Assets.xcassets */; };
		8753C10829C1B70600546EA3 /* SwiftBudgeTests.swift in Sources */ = {isa = PBXBuildFile; fileRef = 8753C10729C1B70600546EA3 /* SwiftBudgeTests.swift */; };
		8753C11229C1B70600546EA3 /* SwiftBudgeUITests.swift in Sources */ = {isa = PBXBuildFile; fileRef = 8753C11129C1B70600546EA3 /* SwiftBudgeUITests.swift */; };
		8753C11429C1B70600546EA3 /* SwiftBudgeUITestsLaunchTests.swift in Sources */ = {isa = PBXBuildFile; fileRef = 8753C11329C1B70600546EA3 /* SwiftBudgeUITestsLaunchTests.swift */; };
		8753C12A29C30BF300546EA3 /* Data+Extensions.swift in Sources */ = {isa = PBXBuildFile; fileRef = 8753C12929C30BF200546EA3 /* Data+Extensions.swift */; };
		877F0A3629C315A500B69464 /* DateExtensionTests.swift in Sources */ = {isa = PBXBuildFile; fileRef = 877F0A3529C315A500B69464 /* DateExtensionTests.swift */; };
		877F0A3829C318C900B69464 /* BudgetService.swift in Sources */ = {isa = PBXBuildFile; fileRef = 877F0A3729C318C900B69464 /* BudgetService.swift */; };
		877F0A3A29C3198C00B69464 /* BudgetRepository.swift in Sources */ = {isa = PBXBuildFile; fileRef = 877F0A3929C3198C00B69464 /* BudgetRepository.swift */; };
		877F0A3C29C319A800B69464 /* Budget.swift in Sources */ = {isa = PBXBuildFile; fileRef = 877F0A3B29C319A800B69464 /* Budget.swift */; };
/* End PBXBuildFile section */

/* Begin PBXContainerItemProxy section */
		8753C10429C1B70600546EA3 /* PBXContainerItemProxy */ = {
			isa = PBXContainerItemProxy;
			containerPortal = 8753C0EB29C1B70500546EA3 /* Project object */;
			proxyType = 1;
			remoteGlobalIDString = 8753C0F229C1B70500546EA3;
			remoteInfo = SwiftBudge;
		};
		8753C10E29C1B70600546EA3 /* PBXContainerItemProxy */ = {
			isa = PBXContainerItemProxy;
			containerPortal = 8753C0EB29C1B70500546EA3 /* Project object */;
			proxyType = 1;
			remoteGlobalIDString = 8753C0F229C1B70500546EA3;
			remoteInfo = SwiftBudge;
		};
/* End PBXContainerItemProxy section */

/* Begin PBXFileReference section */
		8753C0F329C1B70500546EA3 /* SwiftBudge.app */ = {isa = PBXFileReference; explicitFileType = wrapper.application; includeInIndex = 0; path = SwiftBudge.app; sourceTree = BUILT_PRODUCTS_DIR; };
		8753C0F629C1B70500546EA3 /* SwiftBudgeApp.swift */ = {isa = PBXFileReference; lastKnownFileType = sourcecode.swift; path = SwiftBudgeApp.swift; sourceTree = "<group>"; };
		8753C0F829C1B70500546EA3 /* ContentView.swift */ = {isa = PBXFileReference; lastKnownFileType = sourcecode.swift; path = ContentView.swift; sourceTree = "<group>"; };
		8753C0FA29C1B70600546EA3 /* Assets.xcassets */ = {isa = PBXFileReference; lastKnownFileType = folder.assetcatalog; path = Assets.xcassets; sourceTree = "<group>"; };
		8753C0FD29C1B70600546EA3 /* Preview Assets.xcassets */ = {isa = PBXFileReference; lastKnownFileType = folder.assetcatalog; path = "Preview Assets.xcassets"; sourceTree = "<group>"; };
		8753C10329C1B70600546EA3 /* SwiftBudgeTests.xctest */ = {isa = PBXFileReference; explicitFileType = wrapper.cfbundle; includeInIndex = 0; path = SwiftBudgeTests.xctest; sourceTree = BUILT_PRODUCTS_DIR; };
		8753C10729C1B70600546EA3 /* SwiftBudgeTests.swift */ = {isa = PBXFileReference; lastKnownFileType = sourcecode.swift; path = SwiftBudgeTests.swift; sourceTree = "<group>"; };
		8753C10D29C1B70600546EA3 /* SwiftBudgeUITests.xctest */ = {isa = PBXFileReference; explicitFileType = wrapper.cfbundle; includeInIndex = 0; path = SwiftBudgeUITests.xctest; sourceTree = BUILT_PRODUCTS_DIR; };
		8753C11129C1B70600546EA3 /* SwiftBudgeUITests.swift */ = {isa = PBXFileReference; lastKnownFileType = sourcecode.swift; path = SwiftBudgeUITests.swift; sourceTree = "<group>"; };
		8753C11329C1B70600546EA3 /* SwiftBudgeUITestsLaunchTests.swift */ = {isa = PBXFileReference; lastKnownFileType = sourcecode.swift; path = SwiftBudgeUITestsLaunchTests.swift; sourceTree = "<group>"; };
		8753C12929C30BF200546EA3 /* Data+Extensions.swift */ = {isa = PBXFileReference; lastKnownFileType = sourcecode.swift; path = "Data+Extensions.swift"; sourceTree = "<group>"; };
		877F0A3529C315A500B69464 /* DateExtensionTests.swift */ = {isa = PBXFileReference; lastKnownFileType = sourcecode.swift; path = DateExtensionTests.swift; sourceTree = "<group>"; };
		877F0A3729C318C900B69464 /* BudgetService.swift */ = {isa = PBXFileReference; lastKnownFileType = sourcecode.swift; path = BudgetService.swift; sourceTree = "<group>"; };
		877F0A3929C3198C00B69464 /* BudgetRepository.swift */ = {isa = PBXFileReference; lastKnownFileType = sourcecode.swift; path = BudgetRepository.swift; sourceTree = "<group>"; };
		877F0A3B29C319A800B69464 /* Budget.swift */ = {isa = PBXFileReference; lastKnownFileType = sourcecode.swift; path = Budget.swift; sourceTree = "<group>"; };
/* End PBXFileReference section */

/* Begin PBXFrameworksBuildPhase section */
		8753C0F029C1B70500546EA3 /* Frameworks */ = {
			isa = PBXFrameworksBuildPhase;
			buildActionMask = 2147483647;
			files = (
			);
			runOnlyForDeploymentPostprocessing = 0;
		};
		8753C10029C1B70600546EA3 /* Frameworks */ = {
			isa = PBXFrameworksBuildPhase;
			buildActionMask = 2147483647;
			files = (
			);
			runOnlyForDeploymentPostprocessing = 0;
		};
		8753C10A29C1B70600546EA3 /* Frameworks */ = {
			isa = PBXFrameworksBuildPhase;
			buildActionMask = 2147483647;
			files = (
			);
			runOnlyForDeploymentPostprocessing = 0;
		};
/* End PBXFrameworksBuildPhase section */

/* Begin PBXGroup section */
		8753C0EA29C1B70500546EA3 = {
			isa = PBXGroup;
			children = (
				8753C0F529C1B70500546EA3 /* SwiftBudge */,
				8753C10629C1B70600546EA3 /* SwiftBudgeTests */,
				8753C11029C1B70600546EA3 /* SwiftBudgeUITests */,
				8753C0F429C1B70500546EA3 /* Products */,
			);
			sourceTree = "<group>";
		};
		8753C0F429C1B70500546EA3 /* Products */ = {
			isa = PBXGroup;
			children = (
				8753C0F329C1B70500546EA3 /* SwiftBudge.app */,
				8753C10329C1B70600546EA3 /* SwiftBudgeTests.xctest */,
				8753C10D29C1B70600546EA3 /* SwiftBudgeUITests.xctest */,
			);
			name = Products;
			sourceTree = "<group>";
		};
		8753C0F529C1B70500546EA3 /* SwiftBudge */ = {
			isa = PBXGroup;
			children = (
				8753C0F629C1B70500546EA3 /* SwiftBudgeApp.swift */,
				8753C0F829C1B70500546EA3 /* ContentView.swift */,
				877F0A3B29C319A800B69464 /* Budget.swift */,
				877F0A3929C3198C00B69464 /* BudgetRepository.swift */,
				877F0A3729C318C900B69464 /* BudgetService.swift */,
				8753C12929C30BF200546EA3 /* Data+Extensions.swift */,
				8753C0FA29C1B70600546EA3 /* Assets.xcassets */,
				8753C0FC29C1B70600546EA3 /* Preview Content */,
			);
			path = SwiftBudge;
			sourceTree = "<group>";
		};
		8753C0FC29C1B70600546EA3 /* Preview Content */ = {
			isa = PBXGroup;
			children = (
				8753C0FD29C1B70600546EA3 /* Preview Assets.xcassets */,
			);
			path = "Preview Content";
			sourceTree = "<group>";
		};
		8753C10629C1B70600546EA3 /* SwiftBudgeTests */ = {
			isa = PBXGroup;
			children = (
				8753C10729C1B70600546EA3 /* SwiftBudgeTests.swift */,
				877F0A3529C315A500B69464 /* DateExtensionTests.swift */,
			);
			path = SwiftBudgeTests;
			sourceTree = "<group>";
		};
		8753C11029C1B70600546EA3 /* SwiftBudgeUITests */ = {
			isa = PBXGroup;
			children = (
				8753C11129C1B70600546EA3 /* SwiftBudgeUITests.swift */,
				8753C11329C1B70600546EA3 /* SwiftBudgeUITestsLaunchTests.swift */,
			);
			path = SwiftBudgeUITests;
			sourceTree = "<group>";
		};
/* End PBXGroup section */

/* Begin PBXNativeTarget section */
		8753C0F229C1B70500546EA3 /* SwiftBudge */ = {
			isa = PBXNativeTarget;
			buildConfigurationList = 8753C11729C1B70600546EA3 /* Build configuration list for PBXNativeTarget "SwiftBudge" */;
			buildPhases = (
				8753C0EF29C1B70500546EA3 /* Sources */,
				8753C0F029C1B70500546EA3 /* Frameworks */,
				8753C0F129C1B70500546EA3 /* Resources */,
			);
			buildRules = (
			);
			dependencies = (
			);
			name = SwiftBudge;
			productName = SwiftBudge;
			productReference = 8753C0F329C1B70500546EA3 /* SwiftBudge.app */;
			productType = "com.apple.product-type.application";
		};
		8753C10229C1B70600546EA3 /* SwiftBudgeTests */ = {
			isa = PBXNativeTarget;
			buildConfigurationList = 8753C11A29C1B70600546EA3 /* Build configuration list for PBXNativeTarget "SwiftBudgeTests" */;
			buildPhases = (
				8753C0FF29C1B70600546EA3 /* Sources */,
				8753C10029C1B70600546EA3 /* Frameworks */,
				8753C10129C1B70600546EA3 /* Resources */,
			);
			buildRules = (
			);
			dependencies = (
				8753C10529C1B70600546EA3 /* PBXTargetDependency */,
			);
			name = SwiftBudgeTests;
			productName = SwiftBudgeTests;
			productReference = 8753C10329C1B70600546EA3 /* SwiftBudgeTests.xctest */;
			productType = "com.apple.product-type.bundle.unit-test";
		};
		8753C10C29C1B70600546EA3 /* SwiftBudgeUITests */ = {
			isa = PBXNativeTarget;
			buildConfigurationList = 8753C11D29C1B70600546EA3 /* Build configuration list for PBXNativeTarget "SwiftBudgeUITests" */;
			buildPhases = (
				8753C10929C1B70600546EA3 /* Sources */,
				8753C10A29C1B70600546EA3 /* Frameworks */,
				8753C10B29C1B70600546EA3 /* Resources */,
			);
			buildRules = (
			);
			dependencies = (
				8753C10F29C1B70600546EA3 /* PBXTargetDependency */,
			);
			name = SwiftBudgeUITests;
			productName = SwiftBudgeUITests;
			productReference = 8753C10D29C1B70600546EA3 /* SwiftBudgeUITests.xctest */;
			productType = "com.apple.product-type.bundle.ui-testing";
		};
/* End PBXNativeTarget section */

/* Begin PBXProject section */
		8753C0EB29C1B70500546EA3 /* Project object */ = {
			isa = PBXProject;
			attributes = {
				BuildIndependentTargetsInParallel = 1;
				LastSwiftUpdateCheck = 1420;
				LastUpgradeCheck = 1420;
				TargetAttributes = {
					8753C0F229C1B70500546EA3 = {
						CreatedOnToolsVersion = 14.2;
					};
					8753C10229C1B70600546EA3 = {
						CreatedOnToolsVersion = 14.2;
						TestTargetID = 8753C0F229C1B70500546EA3;
					};
					8753C10C29C1B70600546EA3 = {
						CreatedOnToolsVersion = 14.2;
						TestTargetID = 8753C0F229C1B70500546EA3;
					};
				};
			};
			buildConfigurationList = 8753C0EE29C1B70500546EA3 /* Build configuration list for PBXProject "SwiftBudge" */;
			compatibilityVersion = "Xcode 14.0";
			developmentRegion = en;
			hasScannedForEncodings = 0;
			knownRegions = (
				en,
				Base,
			);
			mainGroup = 8753C0EA29C1B70500546EA3;
			productRefGroup = 8753C0F429C1B70500546EA3 /* Products */;
			projectDirPath = "";
			projectRoot = "";
			targets = (
				8753C0F229C1B70500546EA3 /* SwiftBudge */,
				8753C10229C1B70600546EA3 /* SwiftBudgeTests */,
				8753C10C29C1B70600546EA3 /* SwiftBudgeUITests */,
			);
		};
/* End PBXProject section */

/* Begin PBXResourcesBuildPhase section */
		8753C0F129C1B70500546EA3 /* Resources */ = {
			isa = PBXResourcesBuildPhase;
			buildActionMask = 2147483647;
			files = (
				8753C0FE29C1B70600546EA3 /* Preview Assets.xcassets in Resources */,
				8753C0FB29C1B70600546EA3 /* Assets.xcassets in Resources */,
			);
			runOnlyForDeploymentPostprocessing = 0;
		};
		8753C10129C1B70600546EA3 /* Resources */ = {
			isa = PBXResourcesBuildPhase;
			buildActionMask = 2147483647;
			files = (
			);
			runOnlyForDeploymentPostprocessing = 0;
		};
		8753C10B29C1B70600546EA3 /* Resources */ = {
			isa = PBXResourcesBuildPhase;
			buildActionMask = 2147483647;
			files = (
			);
			runOnlyForDeploymentPostprocessing = 0;
		};
/* End PBXResourcesBuildPhase section */

/* Begin PBXSourcesBuildPhase section */
		8753C0EF29C1B70500546EA3 /* Sources */ = {
			isa = PBXSourcesBuildPhase;
			buildActionMask = 2147483647;
			files = (
				8753C12A29C30BF300546EA3 /* Data+Extensions.swift in Sources */,
				8753C0F929C1B70500546EA3 /* ContentView.swift in Sources */,
				877F0A3C29C319A800B69464 /* Budget.swift in Sources */,
				877F0A3829C318C900B69464 /* BudgetService.swift in Sources */,
				8753C0F729C1B70500546EA3 /* SwiftBudgeApp.swift in Sources */,
				877F0A3A29C3198C00B69464 /* BudgetRepository.swift in Sources */,
			);
			runOnlyForDeploymentPostprocessing = 0;
		};
		8753C0FF29C1B70600546EA3 /* Sources */ = {
			isa = PBXSourcesBuildPhase;
			buildActionMask = 2147483647;
			files = (
				8753C10829C1B70600546EA3 /* SwiftBudgeTests.swift in Sources */,
				877F0A3629C315A500B69464 /* DateExtensionTests.swift in Sources */,
			);
			runOnlyForDeploymentPostprocessing = 0;
		};
		8753C10929C1B70600546EA3 /* Sources */ = {
			isa = PBXSourcesBuildPhase;
			buildActionMask = 2147483647;
			files = (
				8753C11429C1B70600546EA3 /* SwiftBudgeUITestsLaunchTests.swift in Sources */,
				8753C11229C1B70600546EA3 /* SwiftBudgeUITests.swift in Sources */,
			);
			runOnlyForDeploymentPostprocessing = 0;
		};
/* End PBXSourcesBuildPhase section */

/* Begin PBXTargetDependency section */
		8753C10529C1B70600546EA3 /* PBXTargetDependency */ = {
			isa = PBXTargetDependency;
			target = 8753C0F229C1B70500546EA3 /* SwiftBudge */;
			targetProxy = 8753C10429C1B70600546EA3 /* PBXContainerItemProxy */;
		};
		8753C10F29C1B70600546EA3 /* PBXTargetDependency */ = {
			isa = PBXTargetDependency;
			target = 8753C0F229C1B70500546EA3 /* SwiftBudge */;
			targetProxy = 8753C10E29C1B70600546EA3 /* PBXContainerItemProxy */;
		};
/* End PBXTargetDependency section */

/* Begin XCBuildConfiguration section */
		8753C11529C1B70600546EA3 /* Debug */ = {
			isa = XCBuildConfiguration;
			buildSettings = {
				ALWAYS_SEARCH_USER_PATHS = NO;
				CLANG_ANALYZER_NONNULL = YES;
				CLANG_ANALYZER_NUMBER_OBJECT_CONVERSION = YES_AGGRESSIVE;
				CLANG_CXX_LANGUAGE_STANDARD = "gnu++20";
				CLANG_ENABLE_MODULES = YES;
				CLANG_ENABLE_OBJC_ARC = YES;
				CLANG_ENABLE_OBJC_WEAK = YES;
				CLANG_WARN_BLOCK_CAPTURE_AUTORELEASING = YES;
				CLANG_WARN_BOOL_CONVERSION = YES;
				CLANG_WARN_COMMA = YES;
				CLANG_WARN_CONSTANT_CONVERSION = YES;
				CLANG_WARN_DEPRECATED_OBJC_IMPLEMENTATIONS = YES;
				CLANG_WARN_DIRECT_OBJC_ISA_USAGE = YES_ERROR;
				CLANG_WARN_DOCUMENTATION_COMMENTS = YES;
				CLANG_WARN_EMPTY_BODY = YES;
				CLANG_WARN_ENUM_CONVERSION = YES;
				CLANG_WARN_INFINITE_RECURSION = YES;
				CLANG_WARN_INT_CONVERSION = YES;
				CLANG_WARN_NON_LITERAL_NULL_CONVERSION = YES;
				CLANG_WARN_OBJC_IMPLICIT_RETAIN_SELF = YES;
				CLANG_WARN_OBJC_LITERAL_CONVERSION = YES;
				CLANG_WARN_OBJC_ROOT_CLASS = YES_ERROR;
				CLANG_WARN_QUOTED_INCLUDE_IN_FRAMEWORK_HEADER = YES;
				CLANG_WARN_RANGE_LOOP_ANALYSIS = YES;
				CLANG_WARN_STRICT_PROTOTYPES = YES;
				CLANG_WARN_SUSPICIOUS_MOVE = YES;
				CLANG_WARN_UNGUARDED_AVAILABILITY = YES_AGGRESSIVE;
				CLANG_WARN_UNREACHABLE_CODE = YES;
				CLANG_WARN__DUPLICATE_METHOD_MATCH = YES;
				COPY_PHASE_STRIP = NO;
				DEBUG_INFORMATION_FORMAT = dwarf;
				ENABLE_STRICT_OBJC_MSGSEND = YES;
				ENABLE_TESTABILITY = YES;
				GCC_C_LANGUAGE_STANDARD = gnu11;
				GCC_DYNAMIC_NO_PIC = NO;
				GCC_NO_COMMON_BLOCKS = YES;
				GCC_OPTIMIZATION_LEVEL = 0;
				GCC_PREPROCESSOR_DEFINITIONS = (
					"DEBUG=1",
					"$(inherited)",
				);
				GCC_WARN_64_TO_32_BIT_CONVERSION = YES;
				GCC_WARN_ABOUT_RETURN_TYPE = YES_ERROR;
				GCC_WARN_UNDECLARED_SELECTOR = YES;
				GCC_WARN_UNINITIALIZED_AUTOS = YES_AGGRESSIVE;
				GCC_WARN_UNUSED_FUNCTION = YES;
				GCC_WARN_UNUSED_VARIABLE = YES;
				IPHONEOS_DEPLOYMENT_TARGET = 16.2;
				MTL_ENABLE_DEBUG_INFO = INCLUDE_SOURCE;
				MTL_FAST_MATH = YES;
				ONLY_ACTIVE_ARCH = YES;
				SDKROOT = iphoneos;
				SWIFT_ACTIVE_COMPILATION_CONDITIONS = DEBUG;
				SWIFT_OPTIMIZATION_LEVEL = "-Onone";
			};
			name = Debug;
		};
		8753C11629C1B70600546EA3 /* Release */ = {
			isa = XCBuildConfiguration;
			buildSettings = {
				ALWAYS_SEARCH_USER_PATHS = NO;
				CLANG_ANALYZER_NONNULL = YES;
				CLANG_ANALYZER_NUMBER_OBJECT_CONVERSION = YES_AGGRESSIVE;
				CLANG_CXX_LANGUAGE_STANDARD = "gnu++20";
				CLANG_ENABLE_MODULES = YES;
				CLANG_ENABLE_OBJC_ARC = YES;
				CLANG_ENABLE_OBJC_WEAK = YES;
				CLANG_WARN_BLOCK_CAPTURE_AUTORELEASING = YES;
				CLANG_WARN_BOOL_CONVERSION = YES;
				CLANG_WARN_COMMA = YES;
				CLANG_WARN_CONSTANT_CONVERSION = YES;
				CLANG_WARN_DEPRECATED_OBJC_IMPLEMENTATIONS = YES;
				CLANG_WARN_DIRECT_OBJC_ISA_USAGE = YES_ERROR;
				CLANG_WARN_DOCUMENTATION_COMMENTS = YES;
				CLANG_WARN_EMPTY_BODY = YES;
				CLANG_WARN_ENUM_CONVERSION = YES;
				CLANG_WARN_INFINITE_RECURSION = YES;
				CLANG_WARN_INT_CONVERSION = YES;
				CLANG_WARN_NON_LITERAL_NULL_CONVERSION = YES;
				CLANG_WARN_OBJC_IMPLICIT_RETAIN_SELF = YES;
				CLANG_WARN_OBJC_LITERAL_CONVERSION = YES;
				CLANG_WARN_OBJC_ROOT_CLASS = YES_ERROR;
				CLANG_WARN_QUOTED_INCLUDE_IN_FRAMEWORK_HEADER = YES;
				CLANG_WARN_RANGE_LOOP_ANALYSIS = YES;
				CLANG_WARN_STRICT_PROTOTYPES = YES;
				CLANG_WARN_SUSPICIOUS_MOVE = YES;
				CLANG_WARN_UNGUARDED_AVAILABILITY = YES_AGGRESSIVE;
				CLANG_WARN_UNREACHABLE_CODE = YES;
				CLANG_WARN__DUPLICATE_METHOD_MATCH = YES;
				COPY_PHASE_STRIP = NO;
				DEBUG_INFORMATION_FORMAT = "dwarf-with-dsym";
				ENABLE_NS_ASSERTIONS = NO;
				ENABLE_STRICT_OBJC_MSGSEND = YES;
				GCC_C_LANGUAGE_STANDARD = gnu11;
				GCC_NO_COMMON_BLOCKS = YES;
				GCC_WARN_64_TO_32_BIT_CONVERSION = YES;
				GCC_WARN_ABOUT_RETURN_TYPE = YES_ERROR;
				GCC_WARN_UNDECLARED_SELECTOR = YES;
				GCC_WARN_UNINITIALIZED_AUTOS = YES_AGGRESSIVE;
				GCC_WARN_UNUSED_FUNCTION = YES;
				GCC_WARN_UNUSED_VARIABLE = YES;
				IPHONEOS_DEPLOYMENT_TARGET = 16.2;
				MTL_ENABLE_DEBUG_INFO = NO;
				MTL_FAST_MATH = YES;
				SDKROOT = iphoneos;
				SWIFT_COMPILATION_MODE = wholemodule;
				SWIFT_OPTIMIZATION_LEVEL = "-O";
				VALIDATE_PRODUCT = YES;
			};
			name = Release;
		};
		8753C11829C1B70600546EA3 /* Debug */ = {
			isa = XCBuildConfiguration;
			buildSettings = {
				ASSETCATALOG_COMPILER_APPICON_NAME = AppIcon;
				ASSETCATALOG_COMPILER_GLOBAL_ACCENT_COLOR_NAME = AccentColor;
				CODE_SIGN_STYLE = Automatic;
				CURRENT_PROJECT_VERSION = 1;
				DEVELOPMENT_ASSET_PATHS = "\"SwiftBudge/Preview Content\"";
				ENABLE_PREVIEWS = YES;
				GENERATE_INFOPLIST_FILE = YES;
				INFOPLIST_KEY_UIApplicationSceneManifest_Generation = YES;
				INFOPLIST_KEY_UIApplicationSupportsIndirectInputEvents = YES;
				INFOPLIST_KEY_UILaunchScreen_Generation = YES;
				INFOPLIST_KEY_UISupportedInterfaceOrientations_iPad = "UIInterfaceOrientationPortrait UIInterfaceOrientationPortraitUpsideDown UIInterfaceOrientationLandscapeLeft UIInterfaceOrientationLandscapeRight";
				INFOPLIST_KEY_UISupportedInterfaceOrientations_iPhone = "UIInterfaceOrientationPortrait UIInterfaceOrientationLandscapeLeft UIInterfaceOrientationLandscapeRight";
				LD_RUNPATH_SEARCH_PATHS = (
					"$(inherited)",
					"@executable_path/Frameworks",
				);
				MARKETING_VERSION = 1.0;
				PRODUCT_BUNDLE_IDENTIFIER = com.chantil.SwiftBudge;
				PRODUCT_NAME = "$(TARGET_NAME)";
				SWIFT_EMIT_LOC_STRINGS = YES;
				SWIFT_VERSION = 5.0;
				TARGETED_DEVICE_FAMILY = "1,2";
			};
			name = Debug;
		};
		8753C11929C1B70600546EA3 /* Release */ = {
			isa = XCBuildConfiguration;
			buildSettings = {
				ASSETCATALOG_COMPILER_APPICON_NAME = AppIcon;
				ASSETCATALOG_COMPILER_GLOBAL_ACCENT_COLOR_NAME = AccentColor;
				CODE_SIGN_STYLE = Automatic;
				CURRENT_PROJECT_VERSION = 1;
				DEVELOPMENT_ASSET_PATHS = "\"SwiftBudge/Preview Content\"";
				ENABLE_PREVIEWS = YES;
				GENERATE_INFOPLIST_FILE = YES;
				INFOPLIST_KEY_UIApplicationSceneManifest_Generation = YES;
				INFOPLIST_KEY_UIApplicationSupportsIndirectInputEvents = YES;
				INFOPLIST_KEY_UILaunchScreen_Generation = YES;
				INFOPLIST_KEY_UISupportedInterfaceOrientations_iPad = "UIInterfaceOrientationPortrait UIInterfaceOrientationPortraitUpsideDown UIInterfaceOrientationLandscapeLeft UIInterfaceOrientationLandscapeRight";
				INFOPLIST_KEY_UISupportedInterfaceOrientations_iPhone = "UIInterfaceOrientationPortrait UIInterfaceOrientationLandscapeLeft UIInterfaceOrientationLandscapeRight";
				LD_RUNPATH_SEARCH_PATHS = (
					"$(inherited)",
					"@executable_path/Frameworks",
				);
				MARKETING_VERSION = 1.0;
				PRODUCT_BUNDLE_IDENTIFIER = com.chantil.SwiftBudge;
				PRODUCT_NAME = "$(TARGET_NAME)";
				SWIFT_EMIT_LOC_STRINGS = YES;
				SWIFT_VERSION = 5.0;
				TARGETED_DEVICE_FAMILY = "1,2";
			};
			name = Release;
		};
		8753C11B29C1B70600546EA3 /* Debug */ = {
			isa = XCBuildConfiguration;
			buildSettings = {
				ALWAYS_EMBED_SWIFT_STANDARD_LIBRARIES = YES;
				BUNDLE_LOADER = "$(TEST_HOST)";
				CODE_SIGN_STYLE = Automatic;
				CURRENT_PROJECT_VERSION = 1;
				GENERATE_INFOPLIST_FILE = YES;
				IPHONEOS_DEPLOYMENT_TARGET = 16.2;
				MARKETING_VERSION = 1.0;
				PRODUCT_BUNDLE_IDENTIFIER = com.chantil.SwiftBudgeTests;
				PRODUCT_NAME = "$(TARGET_NAME)";
				SWIFT_EMIT_LOC_STRINGS = NO;
				SWIFT_VERSION = 5.0;
				TARGETED_DEVICE_FAMILY = "1,2";
				TEST_HOST = "$(BUILT_PRODUCTS_DIR)/SwiftBudge.app/$(BUNDLE_EXECUTABLE_FOLDER_PATH)/SwiftBudge";
			};
			name = Debug;
		};
		8753C11C29C1B70600546EA3 /* Release */ = {
			isa = XCBuildConfiguration;
			buildSettings = {
				ALWAYS_EMBED_SWIFT_STANDARD_LIBRARIES = YES;
				BUNDLE_LOADER = "$(TEST_HOST)";
				CODE_SIGN_STYLE = Automatic;
				CURRENT_PROJECT_VERSION = 1;
				GENERATE_INFOPLIST_FILE = YES;
				IPHONEOS_DEPLOYMENT_TARGET = 16.2;
				MARKETING_VERSION = 1.0;
				PRODUCT_BUNDLE_IDENTIFIER = com.chantil.SwiftBudgeTests;
				PRODUCT_NAME = "$(TARGET_NAME)";
				SWIFT_EMIT_LOC_STRINGS = NO;
				SWIFT_VERSION = 5.0;
				TARGETED_DEVICE_FAMILY = "1,2";
				TEST_HOST = "$(BUILT_PRODUCTS_DIR)/SwiftBudge.app/$(BUNDLE_EXECUTABLE_FOLDER_PATH)/SwiftBudge";
			};
			name = Release;
		};
		8753C11E29C1B70600546EA3 /* Debug */ = {
			isa = XCBuildConfiguration;
			buildSettings = {
				ALWAYS_EMBED_SWIFT_STANDARD_LIBRARIES = YES;
				CODE_SIGN_STYLE = Automatic;
				CURRENT_PROJECT_VERSION = 1;
				GENERATE_INFOPLIST_FILE = YES;
				MARKETING_VERSION = 1.0;
				PRODUCT_BUNDLE_IDENTIFIER = com.chantil.SwiftBudgeUITests;
				PRODUCT_NAME = "$(TARGET_NAME)";
				SWIFT_EMIT_LOC_STRINGS = NO;
				SWIFT_VERSION = 5.0;
				TARGETED_DEVICE_FAMILY = "1,2";
				TEST_TARGET_NAME = SwiftBudge;
			};
			name = Debug;
		};
		8753C11F29C1B70600546EA3 /* Release */ = {
			isa = XCBuildConfiguration;
			buildSettings = {
				ALWAYS_EMBED_SWIFT_STANDARD_LIBRARIES = YES;
				CODE_SIGN_STYLE = Automatic;
				CURRENT_PROJECT_VERSION = 1;
				GENERATE_INFOPLIST_FILE = YES;
				MARKETING_VERSION = 1.0;
				PRODUCT_BUNDLE_IDENTIFIER = com.chantil.SwiftBudgeUITests;
				PRODUCT_NAME = "$(TARGET_NAME)";
				SWIFT_EMIT_LOC_STRINGS = NO;
				SWIFT_VERSION = 5.0;
				TARGETED_DEVICE_FAMILY = "1,2";
				TEST_TARGET_NAME = SwiftBudge;
			};
			name = Release;
		};
/* End XCBuildConfiguration section */

/* Begin XCConfigurationList section */
		8753C0EE29C1B70500546EA3 /* Build configuration list for PBXProject "SwiftBudge" */ = {
			isa = XCConfigurationList;
			buildConfigurations = (
				8753C11529C1B70600546EA3 /* Debug */,
				8753C11629C1B70600546EA3 /* Release */,
			);
			defaultConfigurationIsVisible = 0;
			defaultConfigurationName = Release;
		};
		8753C11729C1B70600546EA3 /* Build configuration list for PBXNativeTarget "SwiftBudge" */ = {
			isa = XCConfigurationList;
			buildConfigurations = (
				8753C11829C1B70600546EA3 /* Debug */,
				8753C11929C1B70600546EA3 /* Release */,
			);
			defaultConfigurationIsVisible = 0;
			defaultConfigurationName = Release;
		};
		8753C11A29C1B70600546EA3 /* Build configuration list for PBXNativeTarget "SwiftBudgeTests" */ = {
			isa = XCConfigurationList;
			buildConfigurations = (
				8753C11B29C1B70600546EA3 /* Debug */,
				8753C11C29C1B70600546EA3 /* Release */,
			);
			defaultConfigurationIsVisible = 0;
			defaultConfigurationName = Release;
		};
		8753C11D29C1B70600546EA3 /* Build configuration list for PBXNativeTarget "SwiftBudgeUITests" */ = {
			isa = XCConfigurationList;
			buildConfigurations = (
				8753C11E29C1B70600546EA3 /* Debug */,
				8753C11F29C1B70600546EA3 /* Release */,
			);
			defaultConfigurationIsVisible = 0;
			defaultConfigurationName = Release;
		};
/* End XCConfigurationList section */
	};
	rootObject = 8753C0EB29C1B70500546EA3 /* Project object */;
}
